
Microsoft Visual Studio Solution File, Format Version 12.00
# Visual Studio Version 17
VisualStudioVersion = 17.4.33403.182
MinimumVisualStudioVersion = 10.0.40219.1
Project("{2150E333-8FDC-42A3-9474-1A3956D46DE8}") = "SRP", "SRP", "{0AFD87AD-3C2A-4BF2-9143-E5D1ECA74D51}"
EndProject
Project("{2150E333-8FDC-42A3-9474-1A3956D46DE8}") = "OCP", "OCP", "{AE658427-8BE9-42CE-BED9-69F9E6F7C336}"
EndProject
Project("{2150E333-8FDC-42A3-9474-1A3956D46DE8}") = "LSP", "LSP", "{56B66FD9-FDAD-4FA2-B62F-E7F09A417F07}"
EndProject
Project("{2150E333-8FDC-42A3-9474-1A3956D46DE8}") = "ISP", "ISP", "{F4150C99-C2E2-4AA4-BBA7-4A850F2E4335}"
EndProject
Project("{2150E333-8FDC-42A3-9474-1A3956D46DE8}") = "DIP", "DIP", "{0DEBF362-67D5-4553-B4C1-99E322551991}"
EndProject
Project("{FAE04EC0-301F-11D3-BF4B-00C04F79EFBC}") = "ISPMain", "ISPMain\ISPMain.csproj", "{D43F0ED2-68FD-4445-9C38-4AC86837AA72}"
EndProject
Project("{FAE04EC0-301F-11D3-BF4B-00C04F79EFBC}") = "SRPMain", "SRPMain\SRPMain.csproj", "{DC351C9C-6D5F-4F23-80B1-25F8BB74361F}"
EndProject
Project("{FAE04EC0-301F-11D3-BF4B-00C04F79EFBC}") = "OCPMain", "OCPMain\OCPMain.csproj", "{D50FABE8-3573-4432-8A14-1F0B72037801}"
EndProject
Project("{FAE04EC0-301F-11D3-BF4B-00C04F79EFBC}") = "LSPMain", "LSPMain\LSPMain.csproj", "{FEFB27AB-D16A-4F0E-9F90-75F4EEC634C3}"
EndProject
Project("{FAE04EC0-301F-11D3-BF4B-00C04F79EFBC}") = "DIPMain", "DIPMain\DIPMain.csproj", "{332CCF7A-52F0-47C9-95A4-BCFB10781769}"
EndProject
Global
	GlobalSection(SolutionConfigurationPlatforms) = preSolution
		Debug|Any CPU = Debug|Any CPU
		Release|Any CPU = Release|Any CPU
	EndGlobalSection
	GlobalSection(ProjectConfigurationPlatforms) = postSolution
		{D43F0ED2-68FD-4445-9C38-4AC86837AA72}.Debug|Any CPU.ActiveCfg = Debug|Any CPU
		{D43F0ED2-68FD-4445-9C38-4AC86837AA72}.Debug|Any CPU.Build.0 = Debug|Any CPU
		{D43F0ED2-68FD-4445-9C38-4AC86837AA72}.Release|Any CPU.ActiveCfg = Release|Any CPU
		{D43F0ED2-68FD-4445-9C38-4AC86837AA72}.Release|Any CPU.Build.0 = Release|Any CPU
		{DC351C9C-6D5F-4F23-80B1-25F8BB74361F}.Debug|Any CPU.ActiveCfg = Debug|Any CPU
		{DC351C9C-6D5F-4F23-80B1-25F8BB74361F}.Debug|Any CPU.Build.0 = Debug|Any CPU
		{DC351C9C-6D5F-4F23-80B1-25F8BB74361F}.Release|Any CPU.ActiveCfg = Release|Any CPU
		{DC351C9C-6D5F-4F23-80B1-25F8BB74361F}.Release|Any CPU.Build.0 = Release|Any CPU
		{D50FABE8-3573-4432-8A14-1F0B72037801}.Debug|Any CPU.ActiveCfg = Debug|Any CPU
		{D50FABE8-3573-4432-8A14-1F0B72037801}.Debug|Any CPU.Build.0 = Debug|Any CPU
		{D50FABE8-3573-4432-8A14-1F0B72037801}.Release|Any CPU.ActiveCfg = Release|Any CPU
		{D50FABE8-3573-4432-8A14-1F0B72037801}.Release|Any CPU.Build.0 = Release|Any CPU
		{FEFB27AB-D16A-4F0E-9F90-75F4EEC634C3}.Debug|Any CPU.ActiveCfg = Debug|Any CPU
		{FEFB27AB-D16A-4F0E-9F90-75F4EEC634C3}.Debug|Any CPU.Build.0 = Debug|Any CPU
		{FEFB27AB-D16A-4F0E-9F90-75F4EEC634C3}.Release|Any CPU.ActiveCfg = Release|Any CPU
		{FEFB27AB-D16A-4F0E-9F90-75F4EEC634C3}.Release|Any CPU.Build.0 = Release|Any CPU
		{332CCF7A-52F0-47C9-95A4-BCFB10781769}.Debug|Any CPU.ActiveCfg = Debug|Any CPU
		{332CCF7A-52F0-47C9-95A4-BCFB10781769}.Debug|Any CPU.Build.0 = Debug|Any CPU
		{332CCF7A-52F0-47C9-95A4-BCFB10781769}.Release|Any CPU.ActiveCfg = Release|Any CPU
		{332CCF7A-52F0-47C9-95A4-BCFB10781769}.Release|Any CPU.Build.0 = Release|Any CPU
	EndGlobalSection
	GlobalSection(SolutionProperties) = preSolution
		HideSolutionNode = FALSE
	EndGlobalSection
	GlobalSection(NestedProjects) = preSolution
		{D43F0ED2-68FD-4445-9C38-4AC86837AA72} = {F4150C99-C2E2-4AA4-BBA7-4A850F2E4335}
		{DC351C9C-6D5F-4F23-80B1-25F8BB74361F} = {0AFD87AD-3C2A-4BF2-9143-E5D1ECA74D51}
		{D50FABE8-3573-4432-8A14-1F0B72037801} = {AE658427-8BE9-42CE-BED9-69F9E6F7C336}
		{FEFB27AB-D16A-4F0E-9F90-75F4EEC634C3} = {56B66FD9-FDAD-4FA2-B62F-E7F09A417F07}
		{332CCF7A-52F0-47C9-95A4-BCFB10781769} = {0DEBF362-67D5-4553-B4C1-99E322551991}
	EndGlobalSection
	GlobalSection(ExtensibilityGlobals) = postSolution
		SolutionGuid = {64BE1DF1-5104-487C-8A66-1DA83DE18D8C}
	EndGlobalSection
EndGlobal
